# This file is autogenerated, do not edit; changes may be undone by the next 'dep ensure'.


[[projects]]
  branch = "master"
  name = "github.com/educlos/testrail"
  packages = ["."]
  revision = "0142f42e9ad1dcdc0fcecf5d0fd62376f1b8ec16"

[[projects]]
  name = "github.com/onsi/ginkgo"
  packages = [
    "config",
    "reporters",
    "reporters/stenographer",
    "reporters/stenographer/support/go-colorable",
    "reporters/stenographer/support/go-isatty",
    "types"
  ]
  revision = "68f622cf9b05e245b580cda6debc2b1bd3094c97"

[[projects]]
  name = "github.com/urfave/cli"
  packages = ["."]
  revision = "0bdeddeeb0f650497d603c4ad7b20cfe685682f6"
  version = "v1.19.1"

[[projects]]
  name = "golang.org/x/sys"
  packages = ["unix"]
  revision = "f6f352972f061230a99fbf49d1eb8073ebdb36cb"

[solve-meta]
  analyzer-name = "dep"
  analyzer-version = 1
  inputs-digest = "146a39707ff24ae2c839feaccd5fd602ed712d54938623613b68a7705b56aab3"
  solver-name = "gps-cdcl"
  solver-version = 1
